{
  "version": 4,
  "terraform_version": "1.3.8",
  "serial": 101,
  "lineage": "fa765aa4-c541-d515-1d4c-5fc49829d4f6",
  "outputs": {},
  "resources": [
    {
      "mode": "managed",
      "type": "local_file",
      "name": "pet",
      "provider": "provider[\"registry.terraform.io/hashicorp/local\"]",
      "instances": [
        {
          "index_key": 0,
          "schema_version": 0,
          "attributes": {
            "content": "Mrs: sculpin",
            "content_base64": null,
            "directory_permission": "0777",
            "file_permission": "0777",
            "filename": "pet1.txt",
            "id": "dfeba26ab721e92b8d5400f8015f788ccf744a85",
            "sensitive_content": null,
            "source": null
          },
          "sensitive_attributes": [],
          "dependencies": [
            "random_pet.my-pet"
          ]
        },
        {
          "index_key": 1,
          "schema_version": 0,
          "attributes": {
            "content": "Mrs: minnow",
            "content_base64": null,
            "directory_permission": "0777",
            "file_permission": "0777",
            "filename": "pet2.txt",
            "id": "a3771b1391764a33b416c12bddcc33db1b8cc3d7",
            "sensitive_content": null,
            "source": null
          },
          "sensitive_attributes": [],
          "dependencies": [
            "random_pet.my-pet"
          ]
        },
        {
          "index_key": 2,
          "schema_version": 0,
          "attributes": {
            "content": "Mrs: griffon",
            "content_base64": null,
            "directory_permission": "0777",
            "file_permission": "0777",
            "filename": "pet3.txt",
            "id": "50d94bc535e569b06c6e723c627ff79c655e58a6",
            "sensitive_content": null,
            "source": null
          },
          "sensitive_attributes": [],
          "dependencies": [
            "random_pet.my-pet"
          ]
        },
        {
          "index_key": 3,
          "schema_version": 0,
          "attributes": {
            "content": "Mrs: kitten",
            "content_base64": null,
            "directory_permission": "0777",
            "file_permission": "0777",
            "filename": "pet4.txt",
            "id": "fb012d70e349172c6af58f4418ddc6dcd2b60686",
            "sensitive_content": null,
            "source": null
          },
          "sensitive_attributes": [],
          "dependencies": [
            "random_pet.my-pet"
          ]
        },
        {
          "index_key": 4,
          "schema_version": 0,
          "attributes": {
            "content": "Mrs: elk",
            "content_base64": null,
            "directory_permission": "0777",
            "file_permission": "0777",
            "filename": "pet5.txt",
            "id": "43e5a9e7729dd1b01936b6fe53723b9574806f03",
            "sensitive_content": null,
            "source": null
          },
          "sensitive_attributes": [],
          "dependencies": [
            "random_pet.my-pet"
          ]
        }
      ]
    },
    {
      "mode": "managed",
      "type": "random_pet",
      "name": "my-pet",
      "provider": "provider[\"registry.terraform.io/hashicorp/random\"]",
      "instances": [
        {
          "index_key": 0,
          "schema_version": 0,
          "attributes": {
            "id": "Mrs: sculpin",
            "keepers": null,
            "length": 1,
            "prefix": "Mrs",
            "separator": ": "
          },
          "sensitive_attributes": []
        },
        {
          "index_key": 1,
          "schema_version": 0,
          "attributes": {
            "id": "Mrs: minnow",
            "keepers": null,
            "length": 1,
            "prefix": "Mrs",
            "separator": ": "
          },
          "sensitive_attributes": []
        },
        {
          "index_key": 2,
          "schema_version": 0,
          "attributes": {
            "id": "Mrs: griffon",
            "keepers": null,
            "length": 1,
            "prefix": "Mrs",
            "separator": ": "
          },
          "sensitive_attributes": []
        },
        {
          "index_key": 3,
          "schema_version": 0,
          "attributes": {
            "id": "Mrs: kitten",
            "keepers": null,
            "length": 1,
            "prefix": "Mrs",
            "separator": ": "
          },
          "sensitive_attributes": []
        },
        {
          "index_key": 4,
          "schema_version": 0,
          "attributes": {
            "id": "Mrs: elk",
            "keepers": null,
            "length": 1,
            "prefix": "Mrs",
            "separator": ": "
          },
          "sensitive_attributes": []
        }
      ]
    }
  ],
  "check_results": null
}
